
Microsoft Visual Studio Solution File, Format Version 12.00
# Visual Studio Version 16
VisualStudioVersion = 16.0.29230.47
MinimumVisualStudioVersion = 10.0.40219.1
Project("{FAE04EC0-301F-11D3-BF4B-00C04F79EFBC}") = "Assignment1CG", "Assignment1CG\Assignment1CG.csproj", "{27E77D1C-205E-4D61-9C8F-9A342CDE67D6}"
EndProject
Global
	GlobalSection(SolutionConfigurationPlatforms) = preSolution
		Debug|Any CPU = Debug|Any CPU
		Release|Any CPU = Release|Any CPU
	EndGlobalSection
	GlobalSection(ProjectConfigurationPlatforms) = postSolution
		{27E77D1C-205E-4D61-9C8F-9A342CDE67D6}.Debug|Any CPU.ActiveCfg = Debug|Any CPU
		{27E77D1C-205E-4D61-9C8F-9A342CDE67D6}.Debug|Any CPU.Build.0 = Debug|Any CPU
		{27E77D1C-205E-4D61-9C8F-9A342CDE67D6}.Release|Any CPU.ActiveCfg = Release|Any CPU
		{27E77D1C-205E-4D61-9C8F-9A342CDE67D6}.Release|Any CPU.Build.0 = Release|Any CPU
	EndGlobalSection
	GlobalSection(SolutionProperties) = preSolution
		HideSolutionNode = FALSE
	EndGlobalSection
	GlobalSection(ExtensibilityGlobals) = postSolution
		SolutionGuid = {AF8FE53A-7631-4BF0-B9DE-CAA16628DA60}
	EndGlobalSection
EndGlobal
